
Microsoft Visual Studio Solution File, Format Version 12.00
# Visual Studio Version 17
VisualStudioVersion = 17.11.35303.130
MinimumVisualStudioVersion = 10.0.40219.1
Project("{2150E333-8FDC-42A3-9474-1A3956D46DE8}") = "Task0", "Task0", "{74056016-9C03-40A6-8C80-847A29E134E9}"
EndProject
Project("{9A19103F-16F7-4668-BE54-9A1E7A4F7556}") = "Tyuiu.NefedovIS.Sprint6.Task0.V15.Lib", "Tyuiu.NefedovIS.Sprint6.Task0.V15.Lib\Tyuiu.NefedovIS.Sprint6.Task0.V15.Lib.csproj", "{618E44E0-F083-482B-B506-7C6C9C6B08B4}"
EndProject
Project("{9A19103F-16F7-4668-BE54-9A1E7A4F7556}") = "Tyuiu.NefedovIS.Sprint6.Task0.V15.Test", "Tyuiu.NefedovIS.Sprint6.Task0.V15.Test\Tyuiu.NefedovIS.Sprint6.Task0.V15.Test.csproj", "{D044CB98-40B1-4686-B314-5281FDA43C95}"
EndProject
Project("{9A19103F-16F7-4668-BE54-9A1E7A4F7556}") = "Tyuiu.NefedovIS.Sprint6.Task0.V15", "Tyuiu.NefedovIS.Sprint6.Task0.V15\Tyuiu.NefedovIS.Sprint6.Task0.V15.csproj", "{B47B5AF2-458A-45D9-A585-3FAB259D86AD}"
EndProject
Project("{2150E333-8FDC-42A3-9474-1A3956D46DE8}") = "Task1", "Task1", "{8D1409F4-B083-4AB3-B40D-39451F1F5532}"
EndProject
Project("{9A19103F-16F7-4668-BE54-9A1E7A4F7556}") = "Tyuiu.NefedovIS.Sprint6.Task1.V16.Lib", "Tyuiu.NefedovIS.Sprint6.Task1.V16.Lib\Tyuiu.NefedovIS.Sprint6.Task1.V16.Lib.csproj", "{640953E4-88E2-480C-83CB-9E413B733875}"
EndProject
Project("{9A19103F-16F7-4668-BE54-9A1E7A4F7556}") = "Tyuiu.NefedovIS.Sprint6.Task1.V16.Test", "Tyuiu.NefedovIS.Sprint6.Task1.V16.Test\Tyuiu.NefedovIS.Sprint6.Task1.V16.Test.csproj", "{848D71E2-47AB-4780-BD7E-FF503EFAB8C4}"
EndProject
Project("{9A19103F-16F7-4668-BE54-9A1E7A4F7556}") = "Tyuiu.NefedovIS.Sprint6.Task1.V16", "Tyuiu.NefedovIS.Sprint6.Task1.V16\Tyuiu.NefedovIS.Sprint6.Task1.V16.csproj", "{2CA9E87E-70DC-4A10-944D-2FD4A7FE28B4}"
EndProject
Project("{2150E333-8FDC-42A3-9474-1A3956D46DE8}") = "Task2", "Task2", "{8F6DBC96-641F-44CF-A8B0-C5260CCBF3D8}"
EndProject
Project("{9A19103F-16F7-4668-BE54-9A1E7A4F7556}") = "Tyuiu.NefedovIS.Sprint6.Task2.V14", "Tyuiu.NefedovIS.Sprint6.Task2.V14\Tyuiu.NefedovIS.Sprint6.Task2.V14.csproj", "{2F5130AB-1911-4A3B-B1DA-A1E2059DFC6C}"
EndProject
Project("{9A19103F-16F7-4668-BE54-9A1E7A4F7556}") = "Tyuiu.NefedovIS.Sprint6.Task2.V14.Lib", "Tyuiu.NefedovIS.Sprint6.Task2.V14.Lib\Tyuiu.NefedovIS.Sprint6.Task2.V14.Lib.csproj", "{0B5675E8-634D-456F-AD96-C1AEF77513B2}"
EndProject
Project("{9A19103F-16F7-4668-BE54-9A1E7A4F7556}") = "Tyuiu.NefedovIS.Sprint6.Task2.V14.Test", "Tyuiu.NefedovIS.Sprint6.Task2.V14.Test\Tyuiu.NefedovIS.Sprint6.Task2.V14.Test.csproj", "{93EE9656-449A-40CB-BDD0-F227915F44E0}"
EndProject
Project("{2150E333-8FDC-42A3-9474-1A3956D46DE8}") = "Task3", "Task3", "{D68544C9-4261-48EA-A369-0CD0499F76C8}"
EndProject
Project("{9A19103F-16F7-4668-BE54-9A1E7A4F7556}") = "Tyuiu.NefedovIS.Sprint6.Task3.V29.Lib", "Tyuiu.NefedovIS.Sprint6.Task3.V29.Lib\Tyuiu.NefedovIS.Sprint6.Task3.V29.Lib.csproj", "{37B632BC-CA90-4527-B256-70CEC3EEC416}"
EndProject
Project("{9A19103F-16F7-4668-BE54-9A1E7A4F7556}") = "Tyuiu.NefedovIS.Sprint6.Task3.V29.Test", "Tyuiu.NefedovIS.Sprint6.Task3.V29.Test\Tyuiu.NefedovIS.Sprint6.Task3.V29.Test.csproj", "{DBD3E1A3-BA6F-424A-AE94-C8BDAC0774B4}"
EndProject
Project("{9A19103F-16F7-4668-BE54-9A1E7A4F7556}") = "Tyuiu.NefedovIS.Sprint6.Task3.V29", "Tyuiu.NefedovIS.Sprint6.Task3.V29\Tyuiu.NefedovIS.Sprint6.Task3.V29.csproj", "{7C69F97F-253A-4AC1-989D-FAFBB404E236}"
EndProject
Project("{2150E333-8FDC-42A3-9474-1A3956D46DE8}") = "Task4", "Task4", "{06836CD5-D591-42F0-B846-5B078B34FFA0}"
EndProject
Project("{9A19103F-16F7-4668-BE54-9A1E7A4F7556}") = "Tyuiu.NefedovIS.Sprint6.Task4.V4", "Tyuiu.NefedovIS.Sprint6.Task4.V4\Tyuiu.NefedovIS.Sprint6.Task4.V4.csproj", "{D1E3A481-A564-42D5-A480-70CD42BEC48F}"
EndProject
Project("{9A19103F-16F7-4668-BE54-9A1E7A4F7556}") = "Tyuiu.NefedovIS.Sprint6.Task4.V4.Lib", "Tyuiu.NefedovIS.Sprint6.Task4.V4.Lib\Tyuiu.NefedovIS.Sprint6.Task4.V4.Lib.csproj", "{3703D066-BF80-4E3E-935F-DF4E119123FE}"
EndProject
Project("{9A19103F-16F7-4668-BE54-9A1E7A4F7556}") = "Tyuiu.NefedovIS.Sprint6.Task4.V4.Test", "Tyuiu.NefedovIS.Sprint6.Task4.V4.Test\Tyuiu.NefedovIS.Sprint6.Task4.V4.Test.csproj", "{3209F5B8-FA13-4EBB-B95B-33ABE20E7063}"
EndProject
Project("{2150E333-8FDC-42A3-9474-1A3956D46DE8}") = "Task5", "Task5", "{0ED54119-FAEB-4424-AB58-A173CFCEC484}"
EndProject
Project("{9A19103F-16F7-4668-BE54-9A1E7A4F7556}") = "Tyuiu.NefedovIS.Sprint6.Task5.V4", "Tyuiu.NefedovIS.Sprint6.Task5.V4\Tyuiu.NefedovIS.Sprint6.Task5.V4.csproj", "{F342221C-95CD-4D50-B639-6ABE3B27C578}"
EndProject
Project("{9A19103F-16F7-4668-BE54-9A1E7A4F7556}") = "Tyuiu.NefedovIS.Sprint6.Task5.V4.Lib", "Tyuiu.NefedovIS.Sprint6.Task5.V4.Lib\Tyuiu.NefedovIS.Sprint6.Task5.V4.Lib.csproj", "{05FBEE25-48AD-416B-9631-73ED71F4DB89}"
EndProject
Project("{9A19103F-16F7-4668-BE54-9A1E7A4F7556}") = "Tyuiu.NefedovIS.Sprint6.Task5.V4.Test", "Tyuiu.NefedovIS.Sprint6.Task5.V4.Test\Tyuiu.NefedovIS.Sprint6.Task5.V4.Test.csproj", "{F8609173-A2D9-48CA-9481-C17ABEFD1EA0}"
EndProject
Project("{2150E333-8FDC-42A3-9474-1A3956D46DE8}") = "Task6", "Task6", "{F6A1C139-D03B-4B74-B943-89A3CA8626F3}"
EndProject
Project("{9A19103F-16F7-4668-BE54-9A1E7A4F7556}") = "Tyuiu.NefedovIS.Sprint6.Task6.V22", "Tyuiu.NefedovIS.Sprint6.Task6.V22\Tyuiu.NefedovIS.Sprint6.Task6.V22.csproj", "{AD64EAFB-54CD-4598-A4B1-D3D602CA3450}"
EndProject
Project("{9A19103F-16F7-4668-BE54-9A1E7A4F7556}") = "Tyuiu.NefedovIS.Sprint6.Task6.V22.Lib", "Tyuiu.NefedovIS.Sprint6.Task6.V22.Lib\Tyuiu.NefedovIS.Sprint6.Task6.V22.Lib.csproj", "{FFBF7D69-ED5C-4A75-A10D-FE3CE4E442DC}"
EndProject
Project("{9A19103F-16F7-4668-BE54-9A1E7A4F7556}") = "Tyuiu.NefedovIS.Sprint6.Task6.V22.Test", "Tyuiu.NefedovIS.Sprint6.Task6.V22.Test\Tyuiu.NefedovIS.Sprint6.Task6.V22.Test.csproj", "{8F8EA5C1-BFDA-440B-A42D-E7F1390614BB}"
EndProject
Project("{2150E333-8FDC-42A3-9474-1A3956D46DE8}") = "Task7", "Task7", "{B53996E4-FAE2-4D2C-AEBB-40A04BED632A}"
EndProject
Project("{FAE04EC0-301F-11D3-BF4B-00C04F79EFBC}") = "Tyuiu.NefedovIS.Sprint6.Task7.V14", "Tyuiu.NefedovIS.Sprint6.Task7.V14\Tyuiu.NefedovIS.Sprint6.Task7.V14.csproj", "{E482F04E-3859-4A8E-AA34-8AD8FD9188B2}"
EndProject
Project("{FAE04EC0-301F-11D3-BF4B-00C04F79EFBC}") = "Tyuiu.NefedovIS.Sprint6.Task7.V14.Lib", "Tyuiu.NefedovIS.Sprint6.Task7.V14.Lib\Tyuiu.NefedovIS.Sprint6.Task7.V14.Lib.csproj", "{6125AC30-376B-4EA0-9BB5-B9A902B4599D}"
EndProject
Project("{FAE04EC0-301F-11D3-BF4B-00C04F79EFBC}") = "Tyuiu.NefedovIS.Sprint6.Task7.V14.Test", "Tyuiu.NefedovIS.Sprint6.Task7.V14.Test\Tyuiu.NefedovIS.Sprint6.Task7.V14.Test.csproj", "{DC6C613D-4A09-4103-971B-0F75518736AC}"
EndProject
Global
	GlobalSection(SolutionConfigurationPlatforms) = preSolution
		Debug|Any CPU = Debug|Any CPU
		Release|Any CPU = Release|Any CPU
	EndGlobalSection
	GlobalSection(ProjectConfigurationPlatforms) = postSolution
		{618E44E0-F083-482B-B506-7C6C9C6B08B4}.Debug|Any CPU.ActiveCfg = Debug|Any CPU
		{618E44E0-F083-482B-B506-7C6C9C6B08B4}.Debug|Any CPU.Build.0 = Debug|Any CPU
		{618E44E0-F083-482B-B506-7C6C9C6B08B4}.Release|Any CPU.ActiveCfg = Release|Any CPU
		{618E44E0-F083-482B-B506-7C6C9C6B08B4}.Release|Any CPU.Build.0 = Release|Any CPU
		{D044CB98-40B1-4686-B314-5281FDA43C95}.Debug|Any CPU.ActiveCfg = Debug|Any CPU
		{D044CB98-40B1-4686-B314-5281FDA43C95}.Debug|Any CPU.Build.0 = Debug|Any CPU
		{D044CB98-40B1-4686-B314-5281FDA43C95}.Release|Any CPU.ActiveCfg = Release|Any CPU
		{D044CB98-40B1-4686-B314-5281FDA43C95}.Release|Any CPU.Build.0 = Release|Any CPU
		{B47B5AF2-458A-45D9-A585-3FAB259D86AD}.Debug|Any CPU.ActiveCfg = Debug|Any CPU
		{B47B5AF2-458A-45D9-A585-3FAB259D86AD}.Debug|Any CPU.Build.0 = Debug|Any CPU
		{B47B5AF2-458A-45D9-A585-3FAB259D86AD}.Release|Any CPU.ActiveCfg = Release|Any CPU
		{B47B5AF2-458A-45D9-A585-3FAB259D86AD}.Release|Any CPU.Build.0 = Release|Any CPU
		{640953E4-88E2-480C-83CB-9E413B733875}.Debug|Any CPU.ActiveCfg = Debug|Any CPU
		{640953E4-88E2-480C-83CB-9E413B733875}.Debug|Any CPU.Build.0 = Debug|Any CPU
		{640953E4-88E2-480C-83CB-9E413B733875}.Release|Any CPU.ActiveCfg = Release|Any CPU
		{640953E4-88E2-480C-83CB-9E413B733875}.Release|Any CPU.Build.0 = Release|Any CPU
		{848D71E2-47AB-4780-BD7E-FF503EFAB8C4}.Debug|Any CPU.ActiveCfg = Debug|Any CPU
		{848D71E2-47AB-4780-BD7E-FF503EFAB8C4}.Debug|Any CPU.Build.0 = Debug|Any CPU
		{848D71E2-47AB-4780-BD7E-FF503EFAB8C4}.Release|Any CPU.ActiveCfg = Release|Any CPU
		{848D71E2-47AB-4780-BD7E-FF503EFAB8C4}.Release|Any CPU.Build.0 = Release|Any CPU
		{2CA9E87E-70DC-4A10-944D-2FD4A7FE28B4}.Debug|Any CPU.ActiveCfg = Debug|Any CPU
		{2CA9E87E-70DC-4A10-944D-2FD4A7FE28B4}.Debug|Any CPU.Build.0 = Debug|Any CPU
		{2CA9E87E-70DC-4A10-944D-2FD4A7FE28B4}.Release|Any CPU.ActiveCfg = Release|Any CPU
		{2CA9E87E-70DC-4A10-944D-2FD4A7FE28B4}.Release|Any CPU.Build.0 = Release|Any CPU
		{2F5130AB-1911-4A3B-B1DA-A1E2059DFC6C}.Debug|Any CPU.ActiveCfg = Debug|Any CPU
		{2F5130AB-1911-4A3B-B1DA-A1E2059DFC6C}.Debug|Any CPU.Build.0 = Debug|Any CPU
		{2F5130AB-1911-4A3B-B1DA-A1E2059DFC6C}.Release|Any CPU.ActiveCfg = Release|Any CPU
		{2F5130AB-1911-4A3B-B1DA-A1E2059DFC6C}.Release|Any CPU.Build.0 = Release|Any CPU
		{0B5675E8-634D-456F-AD96-C1AEF77513B2}.Debug|Any CPU.ActiveCfg = Debug|Any CPU
		{0B5675E8-634D-456F-AD96-C1AEF77513B2}.Debug|Any CPU.Build.0 = Debug|Any CPU
		{0B5675E8-634D-456F-AD96-C1AEF77513B2}.Release|Any CPU.ActiveCfg = Release|Any CPU
		{0B5675E8-634D-456F-AD96-C1AEF77513B2}.Release|Any CPU.Build.0 = Release|Any CPU
		{93EE9656-449A-40CB-BDD0-F227915F44E0}.Debug|Any CPU.ActiveCfg = Debug|Any CPU
		{93EE9656-449A-40CB-BDD0-F227915F44E0}.Debug|Any CPU.Build.0 = Debug|Any CPU
		{93EE9656-449A-40CB-BDD0-F227915F44E0}.Release|Any CPU.ActiveCfg = Release|Any CPU
		{93EE9656-449A-40CB-BDD0-F227915F44E0}.Release|Any CPU.Build.0 = Release|Any CPU
		{37B632BC-CA90-4527-B256-70CEC3EEC416}.Debug|Any CPU.ActiveCfg = Debug|Any CPU
		{37B632BC-CA90-4527-B256-70CEC3EEC416}.Debug|Any CPU.Build.0 = Debug|Any CPU
		{37B632BC-CA90-4527-B256-70CEC3EEC416}.Release|Any CPU.ActiveCfg = Release|Any CPU
		{37B632BC-CA90-4527-B256-70CEC3EEC416}.Release|Any CPU.Build.0 = Release|Any CPU
		{DBD3E1A3-BA6F-424A-AE94-C8BDAC0774B4}.Debug|Any CPU.ActiveCfg = Debug|Any CPU
		{DBD3E1A3-BA6F-424A-AE94-C8BDAC0774B4}.Debug|Any CPU.Build.0 = Debug|Any CPU
		{DBD3E1A3-BA6F-424A-AE94-C8BDAC0774B4}.Release|Any CPU.ActiveCfg = Release|Any CPU
		{DBD3E1A3-BA6F-424A-AE94-C8BDAC0774B4}.Release|Any CPU.Build.0 = Release|Any CPU
		{7C69F97F-253A-4AC1-989D-FAFBB404E236}.Debug|Any CPU.ActiveCfg = Debug|Any CPU
		{7C69F97F-253A-4AC1-989D-FAFBB404E236}.Debug|Any CPU.Build.0 = Debug|Any CPU
		{7C69F97F-253A-4AC1-989D-FAFBB404E236}.Release|Any CPU.ActiveCfg = Release|Any CPU
		{7C69F97F-253A-4AC1-989D-FAFBB404E236}.Release|Any CPU.Build.0 = Release|Any CPU
		{D1E3A481-A564-42D5-A480-70CD42BEC48F}.Debug|Any CPU.ActiveCfg = Debug|Any CPU
		{D1E3A481-A564-42D5-A480-70CD42BEC48F}.Debug|Any CPU.Build.0 = Debug|Any CPU
		{D1E3A481-A564-42D5-A480-70CD42BEC48F}.Release|Any CPU.ActiveCfg = Release|Any CPU
		{D1E3A481-A564-42D5-A480-70CD42BEC48F}.Release|Any CPU.Build.0 = Release|Any CPU
		{3703D066-BF80-4E3E-935F-DF4E119123FE}.Debug|Any CPU.ActiveCfg = Debug|Any CPU
		{3703D066-BF80-4E3E-935F-DF4E119123FE}.Debug|Any CPU.Build.0 = Debug|Any CPU
		{3703D066-BF80-4E3E-935F-DF4E119123FE}.Release|Any CPU.ActiveCfg = Release|Any CPU
		{3703D066-BF80-4E3E-935F-DF4E119123FE}.Release|Any CPU.Build.0 = Release|Any CPU
		{3209F5B8-FA13-4EBB-B95B-33ABE20E7063}.Debug|Any CPU.ActiveCfg = Debug|Any CPU
		{3209F5B8-FA13-4EBB-B95B-33ABE20E7063}.Debug|Any CPU.Build.0 = Debug|Any CPU
		{3209F5B8-FA13-4EBB-B95B-33ABE20E7063}.Release|Any CPU.ActiveCfg = Release|Any CPU
		{3209F5B8-FA13-4EBB-B95B-33ABE20E7063}.Release|Any CPU.Build.0 = Release|Any CPU
		{F342221C-95CD-4D50-B639-6ABE3B27C578}.Debug|Any CPU.ActiveCfg = Debug|Any CPU
		{F342221C-95CD-4D50-B639-6ABE3B27C578}.Debug|Any CPU.Build.0 = Debug|Any CPU
		{F342221C-95CD-4D50-B639-6ABE3B27C578}.Release|Any CPU.ActiveCfg = Release|Any CPU
		{F342221C-95CD-4D50-B639-6ABE3B27C578}.Release|Any CPU.Build.0 = Release|Any CPU
		{05FBEE25-48AD-416B-9631-73ED71F4DB89}.Debug|Any CPU.ActiveCfg = Debug|Any CPU
		{05FBEE25-48AD-416B-9631-73ED71F4DB89}.Debug|Any CPU.Build.0 = Debug|Any CPU
		{05FBEE25-48AD-416B-9631-73ED71F4DB89}.Release|Any CPU.ActiveCfg = Release|Any CPU
		{05FBEE25-48AD-416B-9631-73ED71F4DB89}.Release|Any CPU.Build.0 = Release|Any CPU
		{F8609173-A2D9-48CA-9481-C17ABEFD1EA0}.Debug|Any CPU.ActiveCfg = Debug|Any CPU
		{F8609173-A2D9-48CA-9481-C17ABEFD1EA0}.Debug|Any CPU.Build.0 = Debug|Any CPU
		{F8609173-A2D9-48CA-9481-C17ABEFD1EA0}.Release|Any CPU.ActiveCfg = Release|Any CPU
		{F8609173-A2D9-48CA-9481-C17ABEFD1EA0}.Release|Any CPU.Build.0 = Release|Any CPU
		{AD64EAFB-54CD-4598-A4B1-D3D602CA3450}.Debug|Any CPU.ActiveCfg = Debug|Any CPU
		{AD64EAFB-54CD-4598-A4B1-D3D602CA3450}.Debug|Any CPU.Build.0 = Debug|Any CPU
		{AD64EAFB-54CD-4598-A4B1-D3D602CA3450}.Release|Any CPU.ActiveCfg = Release|Any CPU
		{AD64EAFB-54CD-4598-A4B1-D3D602CA3450}.Release|Any CPU.Build.0 = Release|Any CPU
		{FFBF7D69-ED5C-4A75-A10D-FE3CE4E442DC}.Debug|Any CPU.ActiveCfg = Debug|Any CPU
		{FFBF7D69-ED5C-4A75-A10D-FE3CE4E442DC}.Debug|Any CPU.Build.0 = Debug|Any CPU
		{FFBF7D69-ED5C-4A75-A10D-FE3CE4E442DC}.Release|Any CPU.ActiveCfg = Release|Any CPU
		{FFBF7D69-ED5C-4A75-A10D-FE3CE4E442DC}.Release|Any CPU.Build.0 = Release|Any CPU
		{8F8EA5C1-BFDA-440B-A42D-E7F1390614BB}.Debug|Any CPU.ActiveCfg = Debug|Any CPU
		{8F8EA5C1-BFDA-440B-A42D-E7F1390614BB}.Debug|Any CPU.Build.0 = Debug|Any CPU
		{8F8EA5C1-BFDA-440B-A42D-E7F1390614BB}.Release|Any CPU.ActiveCfg = Release|Any CPU
		{8F8EA5C1-BFDA-440B-A42D-E7F1390614BB}.Release|Any CPU.Build.0 = Release|Any CPU
		{E482F04E-3859-4A8E-AA34-8AD8FD9188B2}.Debug|Any CPU.ActiveCfg = Debug|Any CPU
		{E482F04E-3859-4A8E-AA34-8AD8FD9188B2}.Debug|Any CPU.Build.0 = Debug|Any CPU
		{E482F04E-3859-4A8E-AA34-8AD8FD9188B2}.Release|Any CPU.ActiveCfg = Release|Any CPU
		{E482F04E-3859-4A8E-AA34-8AD8FD9188B2}.Release|Any CPU.Build.0 = Release|Any CPU
		{6125AC30-376B-4EA0-9BB5-B9A902B4599D}.Debug|Any CPU.ActiveCfg = Debug|Any CPU
		{6125AC30-376B-4EA0-9BB5-B9A902B4599D}.Debug|Any CPU.Build.0 = Debug|Any CPU
		{6125AC30-376B-4EA0-9BB5-B9A902B4599D}.Release|Any CPU.ActiveCfg = Release|Any CPU
		{6125AC30-376B-4EA0-9BB5-B9A902B4599D}.Release|Any CPU.Build.0 = Release|Any CPU
		{DC6C613D-4A09-4103-971B-0F75518736AC}.Debug|Any CPU.ActiveCfg = Debug|Any CPU
		{DC6C613D-4A09-4103-971B-0F75518736AC}.Debug|Any CPU.Build.0 = Debug|Any CPU
		{DC6C613D-4A09-4103-971B-0F75518736AC}.Release|Any CPU.ActiveCfg = Release|Any CPU
		{DC6C613D-4A09-4103-971B-0F75518736AC}.Release|Any CPU.Build.0 = Release|Any CPU
	EndGlobalSection
	GlobalSection(SolutionProperties) = preSolution
		HideSolutionNode = FALSE
	EndGlobalSection
	GlobalSection(NestedProjects) = preSolution
		{618E44E0-F083-482B-B506-7C6C9C6B08B4} = {74056016-9C03-40A6-8C80-847A29E134E9}
		{D044CB98-40B1-4686-B314-5281FDA43C95} = {74056016-9C03-40A6-8C80-847A29E134E9}
		{B47B5AF2-458A-45D9-A585-3FAB259D86AD} = {74056016-9C03-40A6-8C80-847A29E134E9}
		{640953E4-88E2-480C-83CB-9E413B733875} = {8D1409F4-B083-4AB3-B40D-39451F1F5532}
		{848D71E2-47AB-4780-BD7E-FF503EFAB8C4} = {8D1409F4-B083-4AB3-B40D-39451F1F5532}
		{2CA9E87E-70DC-4A10-944D-2FD4A7FE28B4} = {8D1409F4-B083-4AB3-B40D-39451F1F5532}
		{2F5130AB-1911-4A3B-B1DA-A1E2059DFC6C} = {8F6DBC96-641F-44CF-A8B0-C5260CCBF3D8}
		{0B5675E8-634D-456F-AD96-C1AEF77513B2} = {8F6DBC96-641F-44CF-A8B0-C5260CCBF3D8}
		{93EE9656-449A-40CB-BDD0-F227915F44E0} = {8F6DBC96-641F-44CF-A8B0-C5260CCBF3D8}
		{37B632BC-CA90-4527-B256-70CEC3EEC416} = {D68544C9-4261-48EA-A369-0CD0499F76C8}
		{DBD3E1A3-BA6F-424A-AE94-C8BDAC0774B4} = {D68544C9-4261-48EA-A369-0CD0499F76C8}
		{7C69F97F-253A-4AC1-989D-FAFBB404E236} = {D68544C9-4261-48EA-A369-0CD0499F76C8}
		{D1E3A481-A564-42D5-A480-70CD42BEC48F} = {06836CD5-D591-42F0-B846-5B078B34FFA0}
		{3703D066-BF80-4E3E-935F-DF4E119123FE} = {06836CD5-D591-42F0-B846-5B078B34FFA0}
		{3209F5B8-FA13-4EBB-B95B-33ABE20E7063} = {06836CD5-D591-42F0-B846-5B078B34FFA0}
		{F342221C-95CD-4D50-B639-6ABE3B27C578} = {0ED54119-FAEB-4424-AB58-A173CFCEC484}
		{05FBEE25-48AD-416B-9631-73ED71F4DB89} = {0ED54119-FAEB-4424-AB58-A173CFCEC484}
		{F8609173-A2D9-48CA-9481-C17ABEFD1EA0} = {0ED54119-FAEB-4424-AB58-A173CFCEC484}
		{AD64EAFB-54CD-4598-A4B1-D3D602CA3450} = {F6A1C139-D03B-4B74-B943-89A3CA8626F3}
		{FFBF7D69-ED5C-4A75-A10D-FE3CE4E442DC} = {F6A1C139-D03B-4B74-B943-89A3CA8626F3}
		{8F8EA5C1-BFDA-440B-A42D-E7F1390614BB} = {F6A1C139-D03B-4B74-B943-89A3CA8626F3}
		{E482F04E-3859-4A8E-AA34-8AD8FD9188B2} = {B53996E4-FAE2-4D2C-AEBB-40A04BED632A}
		{6125AC30-376B-4EA0-9BB5-B9A902B4599D} = {B53996E4-FAE2-4D2C-AEBB-40A04BED632A}
		{DC6C613D-4A09-4103-971B-0F75518736AC} = {B53996E4-FAE2-4D2C-AEBB-40A04BED632A}
	EndGlobalSection
	GlobalSection(ExtensibilityGlobals) = postSolution
		SolutionGuid = {249E527B-BA42-48E3-A44C-34C86F56A2EB}
	EndGlobalSection
EndGlobal
